{
  "name": "evo-img",
  "version": "0.0.1",
  "lockfileVersion": 1,
  "requires": true,
  "dependencies": {
    "ars-genetic-programming": {
      "version": "0.0.6",
      "resolved": "https://registry.npmjs.org/ars-genetic-programming/-/ars-genetic-programming-0.0.6.tgz",
      "integrity": "sha512-sZExdcx12TkCxifb36Td86LKQzwHp3W4KRb4YNrazBHmaO/ajMZS9Vm5BpqAeKe4ROtTQtfoPIXjS6ZGbiWSTQ==",
      "requires": {
        "arslib": "^0.1.1"
      }
    },
    "arslib": {
      "version": "0.1.1",
      "resolved": "https://registry.npmjs.org/arslib/-/arslib-0.1.1.tgz",
      "integrity": "sha512-Xq4FPk+MyJfZYZchpdwxaAI3WmIvIY44fav0oVoiTJnkxmAt0uZF4wWmsle3e0zeheJs74f3qKKPubSBF4MGTg=="
    }
  }
}
